
Microsoft Visual Studio Solution File, Format Version 12.00
# Visual Studio Version 16
VisualStudioVersion = 16.0.31605.320
MinimumVisualStudioVersion = 10.0.40219.1
Project("{FAE04EC0-301F-11D3-BF4B-00C04F79EFBC}") = "UnitTestExamples", "UnitTestExamples\UnitTestExamples.csproj", "{38802DC7-2F73-46D6-BA1D-CA0B5C90AD9D}"
EndProject
Project("{FAE04EC0-301F-11D3-BF4B-00C04F79EFBC}") = "UnitTestExamples.Android", "UnitTestExamples.Android\UnitTestExamples.Android.csproj", "{DD7D41C6-D010-4578-8CAE-21DF212F0A62}"
EndProject
Project("{FAE04EC0-301F-11D3-BF4B-00C04F79EFBC}") = "UnitTestExamples.iOS", "UnitTestExamples.iOS\UnitTestExamples.iOS.csproj", "{850AE072-6762-4009-976B-520E2A34697F}"
EndProject
Project("{FAE04EC0-301F-11D3-BF4B-00C04F79EFBC}") = "UnitTestExamplesTest", "..\UnitTestExamplesTest\UnitTestExamplesTest.csproj", "{68FA433C-A772-488B-B5F6-C181E963B9B2}"
EndProject
Global
	GlobalSection(SolutionConfigurationPlatforms) = preSolution
		Ad-Hoc|Any CPU = Ad-Hoc|Any CPU
		Ad-Hoc|iPhone = Ad-Hoc|iPhone
		Ad-Hoc|iPhoneSimulator = Ad-Hoc|iPhoneSimulator
		AppStore|Any CPU = AppStore|Any CPU
		AppStore|iPhone = AppStore|iPhone
		AppStore|iPhoneSimulator = AppStore|iPhoneSimulator
		Debug|Any CPU = Debug|Any CPU
		Debug|iPhone = Debug|iPhone
		Debug|iPhoneSimulator = Debug|iPhoneSimulator
		Release|Any CPU = Release|Any CPU
		Release|iPhone = Release|iPhone
		Release|iPhoneSimulator = Release|iPhoneSimulator
	EndGlobalSection
	GlobalSection(ProjectConfigurationPlatforms) = postSolution
		{38802DC7-2F73-46D6-BA1D-CA0B5C90AD9D}.Ad-Hoc|Any CPU.ActiveCfg = Debug|Any CPU
		{38802DC7-2F73-46D6-BA1D-CA0B5C90AD9D}.Ad-Hoc|Any CPU.Build.0 = Debug|Any CPU
		{38802DC7-2F73-46D6-BA1D-CA0B5C90AD9D}.Ad-Hoc|iPhone.ActiveCfg = Debug|Any CPU
		{38802DC7-2F73-46D6-BA1D-CA0B5C90AD9D}.Ad-Hoc|iPhone.Build.0 = Debug|Any CPU
		{38802DC7-2F73-46D6-BA1D-CA0B5C90AD9D}.Ad-Hoc|iPhoneSimulator.ActiveCfg = Debug|Any CPU
		{38802DC7-2F73-46D6-BA1D-CA0B5C90AD9D}.Ad-Hoc|iPhoneSimulator.Build.0 = Debug|Any CPU
		{38802DC7-2F73-46D6-BA1D-CA0B5C90AD9D}.AppStore|Any CPU.ActiveCfg = Debug|Any CPU
		{38802DC7-2F73-46D6-BA1D-CA0B5C90AD9D}.AppStore|Any CPU.Build.0 = Debug|Any CPU
		{38802DC7-2F73-46D6-BA1D-CA0B5C90AD9D}.AppStore|iPhone.ActiveCfg = Debug|Any CPU
		{38802DC7-2F73-46D6-BA1D-CA0B5C90AD9D}.AppStore|iPhone.Build.0 = Debug|Any CPU
		{38802DC7-2F73-46D6-BA1D-CA0B5C90AD9D}.AppStore|iPhoneSimulator.ActiveCfg = Debug|Any CPU
		{38802DC7-2F73-46D6-BA1D-CA0B5C90AD9D}.AppStore|iPhoneSimulator.Build.0 = Debug|Any CPU
		{38802DC7-2F73-46D6-BA1D-CA0B5C90AD9D}.Debug|Any CPU.ActiveCfg = Debug|Any CPU
		{38802DC7-2F73-46D6-BA1D-CA0B5C90AD9D}.Debug|Any CPU.Build.0 = Debug|Any CPU
		{38802DC7-2F73-46D6-BA1D-CA0B5C90AD9D}.Debug|iPhone.ActiveCfg = Debug|Any CPU
		{38802DC7-2F73-46D6-BA1D-CA0B5C90AD9D}.Debug|iPhone.Build.0 = Debug|Any CPU
		{38802DC7-2F73-46D6-BA1D-CA0B5C90AD9D}.Debug|iPhoneSimulator.ActiveCfg = Debug|Any CPU
		{38802DC7-2F73-46D6-BA1D-CA0B5C90AD9D}.Debug|iPhoneSimulator.Build.0 = Debug|Any CPU
		{38802DC7-2F73-46D6-BA1D-CA0B5C90AD9D}.Release|Any CPU.ActiveCfg = Release|Any CPU
		{38802DC7-2F73-46D6-BA1D-CA0B5C90AD9D}.Release|Any CPU.Build.0 = Release|Any CPU
		{38802DC7-2F73-46D6-BA1D-CA0B5C90AD9D}.Release|iPhone.ActiveCfg = Release|Any CPU
		{38802DC7-2F73-46D6-BA1D-CA0B5C90AD9D}.Release|iPhone.Build.0 = Release|Any CPU
		{38802DC7-2F73-46D6-BA1D-CA0B5C90AD9D}.Release|iPhoneSimulator.ActiveCfg = Release|Any CPU
		{38802DC7-2F73-46D6-BA1D-CA0B5C90AD9D}.Release|iPhoneSimulator.Build.0 = Release|Any CPU
		{DD7D41C6-D010-4578-8CAE-21DF212F0A62}.Ad-Hoc|Any CPU.ActiveCfg = Debug|Any CPU
		{DD7D41C6-D010-4578-8CAE-21DF212F0A62}.Ad-Hoc|Any CPU.Build.0 = Debug|Any CPU
		{DD7D41C6-D010-4578-8CAE-21DF212F0A62}.Ad-Hoc|Any CPU.Deploy.0 = Debug|Any CPU
		{DD7D41C6-D010-4578-8CAE-21DF212F0A62}.Ad-Hoc|iPhone.ActiveCfg = Debug|Any CPU
		{DD7D41C6-D010-4578-8CAE-21DF212F0A62}.Ad-Hoc|iPhone.Build.0 = Debug|Any CPU
		{DD7D41C6-D010-4578-8CAE-21DF212F0A62}.Ad-Hoc|iPhone.Deploy.0 = Debug|Any CPU
		{DD7D41C6-D010-4578-8CAE-21DF212F0A62}.Ad-Hoc|iPhoneSimulator.ActiveCfg = Debug|Any CPU
		{DD7D41C6-D010-4578-8CAE-21DF212F0A62}.Ad-Hoc|iPhoneSimulator.Build.0 = Debug|Any CPU
		{DD7D41C6-D010-4578-8CAE-21DF212F0A62}.Ad-Hoc|iPhoneSimulator.Deploy.0 = Debug|Any CPU
		{DD7D41C6-D010-4578-8CAE-21DF212F0A62}.AppStore|Any CPU.ActiveCfg = Debug|Any CPU
		{DD7D41C6-D010-4578-8CAE-21DF212F0A62}.AppStore|Any CPU.Build.0 = Debug|Any CPU
		{DD7D41C6-D010-4578-8CAE-21DF212F0A62}.AppStore|Any CPU.Deploy.0 = Debug|Any CPU
		{DD7D41C6-D010-4578-8CAE-21DF212F0A62}.AppStore|iPhone.ActiveCfg = Debug|Any CPU
		{DD7D41C6-D010-4578-8CAE-21DF212F0A62}.AppStore|iPhone.Build.0 = Debug|Any CPU
		{DD7D41C6-D010-4578-8CAE-21DF212F0A62}.AppStore|iPhone.Deploy.0 = Debug|Any CPU
		{DD7D41C6-D010-4578-8CAE-21DF212F0A62}.AppStore|iPhoneSimulator.ActiveCfg = Debug|Any CPU
		{DD7D41C6-D010-4578-8CAE-21DF212F0A62}.AppStore|iPhoneSimulator.Build.0 = Debug|Any CPU
		{DD7D41C6-D010-4578-8CAE-21DF212F0A62}.AppStore|iPhoneSimulator.Deploy.0 = Debug|Any CPU
		{DD7D41C6-D010-4578-8CAE-21DF212F0A62}.Debug|Any CPU.ActiveCfg = Debug|Any CPU
		{DD7D41C6-D010-4578-8CAE-21DF212F0A62}.Debug|Any CPU.Build.0 = Debug|Any CPU
		{DD7D41C6-D010-4578-8CAE-21DF212F0A62}.Debug|Any CPU.Deploy.0 = Debug|Any CPU
		{DD7D41C6-D010-4578-8CAE-21DF212F0A62}.Debug|iPhone.ActiveCfg = Debug|Any CPU
		{DD7D41C6-D010-4578-8CAE-21DF212F0A62}.Debug|iPhone.Build.0 = Debug|Any CPU
		{DD7D41C6-D010-4578-8CAE-21DF212F0A62}.Debug|iPhone.Deploy.0 = Debug|Any CPU
		{DD7D41C6-D010-4578-8CAE-21DF212F0A62}.Debug|iPhoneSimulator.ActiveCfg = Debug|Any CPU
		{DD7D41C6-D010-4578-8CAE-21DF212F0A62}.Debug|iPhoneSimulator.Build.0 = Debug|Any CPU
		{DD7D41C6-D010-4578-8CAE-21DF212F0A62}.Debug|iPhoneSimulator.Deploy.0 = Debug|Any CPU
		{DD7D41C6-D010-4578-8CAE-21DF212F0A62}.Release|Any CPU.ActiveCfg = Release|Any CPU
		{DD7D41C6-D010-4578-8CAE-21DF212F0A62}.Release|Any CPU.Build.0 = Release|Any CPU
		{DD7D41C6-D010-4578-8CAE-21DF212F0A62}.Release|Any CPU.Deploy.0 = Release|Any CPU
		{DD7D41C6-D010-4578-8CAE-21DF212F0A62}.Release|iPhone.ActiveCfg = Release|Any CPU
		{DD7D41C6-D010-4578-8CAE-21DF212F0A62}.Release|iPhone.Build.0 = Release|Any CPU
		{DD7D41C6-D010-4578-8CAE-21DF212F0A62}.Release|iPhone.Deploy.0 = Release|Any CPU
		{DD7D41C6-D010-4578-8CAE-21DF212F0A62}.Release|iPhoneSimulator.ActiveCfg = Release|Any CPU
		{DD7D41C6-D010-4578-8CAE-21DF212F0A62}.Release|iPhoneSimulator.Build.0 = Release|Any CPU
		{DD7D41C6-D010-4578-8CAE-21DF212F0A62}.Release|iPhoneSimulator.Deploy.0 = Release|Any CPU
		{850AE072-6762-4009-976B-520E2A34697F}.Ad-Hoc|Any CPU.ActiveCfg = Ad-Hoc|iPhoneSimulator
		{850AE072-6762-4009-976B-520E2A34697F}.Ad-Hoc|iPhone.ActiveCfg = Ad-Hoc|iPhone
		{850AE072-6762-4009-976B-520E2A34697F}.Ad-Hoc|iPhone.Build.0 = Ad-Hoc|iPhone
		{850AE072-6762-4009-976B-520E2A34697F}.Ad-Hoc|iPhoneSimulator.ActiveCfg = Ad-Hoc|iPhoneSimulator
		{850AE072-6762-4009-976B-520E2A34697F}.Ad-Hoc|iPhoneSimulator.Build.0 = Ad-Hoc|iPhoneSimulator
		{850AE072-6762-4009-976B-520E2A34697F}.AppStore|Any CPU.ActiveCfg = AppStore|iPhoneSimulator
		{850AE072-6762-4009-976B-520E2A34697F}.AppStore|iPhone.ActiveCfg = AppStore|iPhone
		{850AE072-6762-4009-976B-520E2A34697F}.AppStore|iPhone.Build.0 = AppStore|iPhone
		{850AE072-6762-4009-976B-520E2A34697F}.AppStore|iPhoneSimulator.ActiveCfg = AppStore|iPhoneSimulator
		{850AE072-6762-4009-976B-520E2A34697F}.AppStore|iPhoneSimulator.Build.0 = AppStore|iPhoneSimulator
		{850AE072-6762-4009-976B-520E2A34697F}.Debug|Any CPU.ActiveCfg = Debug|iPhoneSimulator
		{850AE072-6762-4009-976B-520E2A34697F}.Debug|iPhone.ActiveCfg = Debug|iPhone
		{850AE072-6762-4009-976B-520E2A34697F}.Debug|iPhone.Build.0 = Debug|iPhone
		{850AE072-6762-4009-976B-520E2A34697F}.Debug|iPhoneSimulator.ActiveCfg = Debug|iPhoneSimulator
		{850AE072-6762-4009-976B-520E2A34697F}.Debug|iPhoneSimulator.Build.0 = Debug|iPhoneSimulator
		{850AE072-6762-4009-976B-520E2A34697F}.Release|Any CPU.ActiveCfg = Release|iPhoneSimulator
		{850AE072-6762-4009-976B-520E2A34697F}.Release|iPhone.ActiveCfg = Release|iPhone
		{850AE072-6762-4009-976B-520E2A34697F}.Release|iPhone.Build.0 = Release|iPhone
		{850AE072-6762-4009-976B-520E2A34697F}.Release|iPhoneSimulator.ActiveCfg = Release|iPhoneSimulator
		{850AE072-6762-4009-976B-520E2A34697F}.Release|iPhoneSimulator.Build.0 = Release|iPhoneSimulator
		{68FA433C-A772-488B-B5F6-C181E963B9B2}.Ad-Hoc|Any CPU.ActiveCfg = Debug|Any CPU
		{68FA433C-A772-488B-B5F6-C181E963B9B2}.Ad-Hoc|Any CPU.Build.0 = Debug|Any CPU
		{68FA433C-A772-488B-B5F6-C181E963B9B2}.Ad-Hoc|iPhone.ActiveCfg = Debug|Any CPU
		{68FA433C-A772-488B-B5F6-C181E963B9B2}.Ad-Hoc|iPhone.Build.0 = Debug|Any CPU
		{68FA433C-A772-488B-B5F6-C181E963B9B2}.Ad-Hoc|iPhoneSimulator.ActiveCfg = Debug|Any CPU
		{68FA433C-A772-488B-B5F6-C181E963B9B2}.Ad-Hoc|iPhoneSimulator.Build.0 = Debug|Any CPU
		{68FA433C-A772-488B-B5F6-C181E963B9B2}.AppStore|Any CPU.ActiveCfg = Debug|Any CPU
		{68FA433C-A772-488B-B5F6-C181E963B9B2}.AppStore|Any CPU.Build.0 = Debug|Any CPU
		{68FA433C-A772-488B-B5F6-C181E963B9B2}.AppStore|iPhone.ActiveCfg = Debug|Any CPU
		{68FA433C-A772-488B-B5F6-C181E963B9B2}.AppStore|iPhone.Build.0 = Debug|Any CPU
		{68FA433C-A772-488B-B5F6-C181E963B9B2}.AppStore|iPhoneSimulator.ActiveCfg = Debug|Any CPU
		{68FA433C-A772-488B-B5F6-C181E963B9B2}.AppStore|iPhoneSimulator.Build.0 = Debug|Any CPU
		{68FA433C-A772-488B-B5F6-C181E963B9B2}.Debug|Any CPU.ActiveCfg = Debug|Any CPU
		{68FA433C-A772-488B-B5F6-C181E963B9B2}.Debug|Any CPU.Build.0 = Debug|Any CPU
		{68FA433C-A772-488B-B5F6-C181E963B9B2}.Debug|iPhone.ActiveCfg = Debug|Any CPU
		{68FA433C-A772-488B-B5F6-C181E963B9B2}.Debug|iPhone.Build.0 = Debug|Any CPU
		{68FA433C-A772-488B-B5F6-C181E963B9B2}.Debug|iPhoneSimulator.ActiveCfg = Debug|Any CPU
		{68FA433C-A772-488B-B5F6-C181E963B9B2}.Debug|iPhoneSimulator.Build.0 = Debug|Any CPU
		{68FA433C-A772-488B-B5F6-C181E963B9B2}.Release|Any CPU.ActiveCfg = Release|Any CPU
		{68FA433C-A772-488B-B5F6-C181E963B9B2}.Release|Any CPU.Build.0 = Release|Any CPU
		{68FA433C-A772-488B-B5F6-C181E963B9B2}.Release|iPhone.ActiveCfg = Release|Any CPU
		{68FA433C-A772-488B-B5F6-C181E963B9B2}.Release|iPhone.Build.0 = Release|Any CPU
		{68FA433C-A772-488B-B5F6-C181E963B9B2}.Release|iPhoneSimulator.ActiveCfg = Release|Any CPU
		{68FA433C-A772-488B-B5F6-C181E963B9B2}.Release|iPhoneSimulator.Build.0 = Release|Any CPU
	EndGlobalSection
	GlobalSection(SolutionProperties) = preSolution
		HideSolutionNode = FALSE
	EndGlobalSection
	GlobalSection(ExtensibilityGlobals) = postSolution
		SolutionGuid = {8C643B59-A3EF-463C-BF16-F9FFFF83293C}
	EndGlobalSection
EndGlobal
